// !$*UTF8*$!
{
	archiveVersion = 1;
	classes = {
	};
	objectVersion = 77;
	objects = {

/* Begin PBXBuildFile section */
		040A780D7F670D4FFC530E58 /* AppDelegate.swift in Sources */ = {isa = PBXBuildFile; fileRef = FAD463DE9CE8120F71CF4731 /* AppDelegate.swift */; };
		0687B22E4A77AC76E219526B /* AppIconCardView.swift in Sources */ = {isa = PBXBuildFile; fileRef = DAD383FCA28C93C94FFBCDCF /* AppIconCardView.swift */; };
		22B5734A1085F4B7A473023B /* Logger.swift in Sources */ = {isa = PBXBuildFile; fileRef = D912F8BDA41402184FF4A4E8 /* Logger.swift */; };
		41994614456D2E5B70525077 /* AppGridView.swift in Sources */ = {isa = PBXBuildFile; fileRef = EEAA022244901F04447631A5 /* AppGridView.swift */; };
		52580A66E6EC28833B23AB4A /* main.swift in Sources */ = {isa = PBXBuildFile; fileRef = 10E27287821D889789B181E2 /* main.swift */; };
		78CBEDEA6755A1B26104A65E /* ContentView.swift in Sources */ = {isa = PBXBuildFile; fileRef = FD7B8B4C062CFF2C210D9979 /* ContentView.swift */; };
		7AFE37EDFCE04938AD2E8149 /* UserData.swift in Sources */ = {isa = PBXBuildFile; fileRef = 397C8F9C17413166EE1E4D5E /* UserData.swift */; };
		7FABFB76CA2FDE1B8509D3B9 /* FavouritesRowView.swift in Sources */ = {isa = PBXBuildFile; fileRef = 4AF871F646E5F2D887159943 /* FavouritesRowView.swift */; };
		8C87E7DD06E164FD69274BA4 /* AppScannerService.swift in Sources */ = {isa = PBXBuildFile; fileRef = 75BEDF68285EB434CA1C02B4 /* AppScannerService.swift */; };
		92E3A9E4A68A1964B3AC1F12 /* SettingsView.swift in Sources */ = {isa = PBXBuildFile; fileRef = B2BB7BD5BCD841A3C6C1FED6 /* SettingsView.swift */; };
		BDA0D7F2E43B3BBF125C902F /* AppLauncherService.swift in Sources */ = {isa = PBXBuildFile; fileRef = A2DB6CE673FF9F960B21B28E /* AppLauncherService.swift */; };
		DF1D2520D81EC5C2592F5632 /* CategorySidebarView.swift in Sources */ = {isa = PBXBuildFile; fileRef = D9B1146C4C1A26BA48E60D7D /* CategorySidebarView.swift */; };
		E288F8FF386ADCF46A321BBA /* HotkeyManager.swift in Sources */ = {isa = PBXBuildFile; fileRef = 9DE4E0DF16106D30961D5214 /* HotkeyManager.swift */; };
		EF45D2AFF02C91B21F4A6613 /* AppsViewModel.swift in Sources */ = {isa = PBXBuildFile; fileRef = 091F1B0230541F39F137F60D /* AppsViewModel.swift */; };
		F1BE4B78DBD0819743DA9FF7 /* AppUninstallerService.swift in Sources */ = {isa = PBXBuildFile; fileRef = 08A9EFF6E53544411F0F8D85 /* AppUninstallerService.swift */; };
		FBFE09A04872323D384424F0 /* AppItem.swift in Sources */ = {isa = PBXBuildFile; fileRef = DF28765126304479BE6269C3 /* AppItem.swift */; };
		FFEFF6A91AA697AB26E0F803 /* SearchBarView.swift in Sources */ = {isa = PBXBuildFile; fileRef = C0242015A2D2C4BAA8841DAD /* SearchBarView.swift */; };
/* End PBXBuildFile section */

/* Begin PBXFileReference section */
		08A9EFF6E53544411F0F8D85 /* AppUninstallerService.swift */ = {isa = PBXFileReference; lastKnownFileType = sourcecode.swift; path = AppUninstallerService.swift; sourceTree = "<group>"; };
		091F1B0230541F39F137F60D /* AppsViewModel.swift */ = {isa = PBXFileReference; lastKnownFileType = sourcecode.swift; path = AppsViewModel.swift; sourceTree = "<group>"; };
		0A68EED467FB5C37B68C5D0A /* Sibra.app */ = {isa = PBXFileReference; explicitFileType = wrapper.application; includeInIndex = 0; path = Sibra.app; sourceTree = BUILT_PRODUCTS_DIR; };
		10E27287821D889789B181E2 /* main.swift */ = {isa = PBXFileReference; lastKnownFileType = sourcecode.swift; path = main.swift; sourceTree = "<group>"; };
		397C8F9C17413166EE1E4D5E /* UserData.swift */ = {isa = PBXFileReference; lastKnownFileType = sourcecode.swift; path = UserData.swift; sourceTree = "<group>"; };
		4AF871F646E5F2D887159943 /* FavouritesRowView.swift */ = {isa = PBXFileReference; lastKnownFileType = sourcecode.swift; path = FavouritesRowView.swift; sourceTree = "<group>"; };
		75BEDF68285EB434CA1C02B4 /* AppScannerService.swift */ = {isa = PBXFileReference; lastKnownFileType = sourcecode.swift; path = AppScannerService.swift; sourceTree = "<group>"; };
		9DE4E0DF16106D30961D5214 /* HotkeyManager.swift */ = {isa = PBXFileReference; lastKnownFileType = sourcecode.swift; path = HotkeyManager.swift; sourceTree = "<group>"; };
		A2DB6CE673FF9F960B21B28E /* AppLauncherService.swift */ = {isa = PBXFileReference; lastKnownFileType = sourcecode.swift; path = AppLauncherService.swift; sourceTree = "<group>"; };
		B2BB7BD5BCD841A3C6C1FED6 /* SettingsView.swift */ = {isa = PBXFileReference; lastKnownFileType = sourcecode.swift; path = SettingsView.swift; sourceTree = "<group>"; };
		C0242015A2D2C4BAA8841DAD /* SearchBarView.swift */ = {isa = PBXFileReference; lastKnownFileType = sourcecode.swift; path = SearchBarView.swift; sourceTree = "<group>"; };
		D912F8BDA41402184FF4A4E8 /* Logger.swift */ = {isa = PBXFileReference; lastKnownFileType = sourcecode.swift; path = Logger.swift; sourceTree = "<group>"; };
		D9B1146C4C1A26BA48E60D7D /* CategorySidebarView.swift */ = {isa = PBXFileReference; lastKnownFileType = sourcecode.swift; path = CategorySidebarView.swift; sourceTree = "<group>"; };
		DAD383FCA28C93C94FFBCDCF /* AppIconCardView.swift */ = {isa = PBXFileReference; lastKnownFileType = sourcecode.swift; path = AppIconCardView.swift; sourceTree = "<group>"; };
		DF28765126304479BE6269C3 /* AppItem.swift */ = {isa = PBXFileReference; lastKnownFileType = sourcecode.swift; path = AppItem.swift; sourceTree = "<group>"; };
		EEAA022244901F04447631A5 /* AppGridView.swift */ = {isa = PBXFileReference; lastKnownFileType = sourcecode.swift; path = AppGridView.swift; sourceTree = "<group>"; };
		FAD463DE9CE8120F71CF4731 /* AppDelegate.swift */ = {isa = PBXFileReference; lastKnownFileType = sourcecode.swift; path = AppDelegate.swift; sourceTree = "<group>"; };
		FD7B8B4C062CFF2C210D9979 /* ContentView.swift */ = {isa = PBXFileReference; lastKnownFileType = sourcecode.swift; path = ContentView.swift; sourceTree = "<group>"; };
/* End PBXFileReference section */

/* Begin PBXGroup section */
		052BC24A7D3FA6031280B20C /* Utilities */ = {
			isa = PBXGroup;
			children = (
				9DE4E0DF16106D30961D5214 /* HotkeyManager.swift */,
				D912F8BDA41402184FF4A4E8 /* Logger.swift */,
			);
			path = Utilities;
			sourceTree = "<group>";
		};
		11446761AAB4527994EBDE05 /* App */ = {
			isa = PBXGroup;
			children = (
				FAD463DE9CE8120F71CF4731 /* AppDelegate.swift */,
				10E27287821D889789B181E2 /* main.swift */,
			);
			path = App;
			sourceTree = "<group>";
		};
		31447FF895CA83E284954AEC /* Sources */ = {
			isa = PBXGroup;
			children = (
				11446761AAB4527994EBDE05 /* App */,
				FDB37F90A45B5B9EF37ED7BE /* Models */,
				6558A30667ABC3B857469C17 /* Services */,
				052BC24A7D3FA6031280B20C /* Utilities */,
				975BAC454B38B7A61C75ED48 /* ViewModels */,
				E7692F4F3F3726D81ACCB7E6 /* Views */,
			);
			path = Sources;
			sourceTree = "<group>";
		};
		6558A30667ABC3B857469C17 /* Services */ = {
			isa = PBXGroup;
			children = (
				A2DB6CE673FF9F960B21B28E /* AppLauncherService.swift */,
				75BEDF68285EB434CA1C02B4 /* AppScannerService.swift */,
				08A9EFF6E53544411F0F8D85 /* AppUninstallerService.swift */,
			);
			path = Services;
			sourceTree = "<group>";
		};
		6FED9761BDF793CA81E71E9A /* Products */ = {
			isa = PBXGroup;
			children = (
				0A68EED467FB5C37B68C5D0A /* Sibra.app */,
			);
			name = Products;
			sourceTree = "<group>";
		};
		88F2722C52FEAE0E011EE7C6 = {
			isa = PBXGroup;
			children = (
				31447FF895CA83E284954AEC /* Sources */,
				6FED9761BDF793CA81E71E9A /* Products */,
			);
			sourceTree = "<group>";
		};
		975BAC454B38B7A61C75ED48 /* ViewModels */ = {
			isa = PBXGroup;
			children = (
				091F1B0230541F39F137F60D /* AppsViewModel.swift */,
			);
			path = ViewModels;
			sourceTree = "<group>";
		};
		E7692F4F3F3726D81ACCB7E6 /* Views */ = {
			isa = PBXGroup;
			children = (
				EEAA022244901F04447631A5 /* AppGridView.swift */,
				DAD383FCA28C93C94FFBCDCF /* AppIconCardView.swift */,
				D9B1146C4C1A26BA48E60D7D /* CategorySidebarView.swift */,
				FD7B8B4C062CFF2C210D9979 /* ContentView.swift */,
				4AF871F646E5F2D887159943 /* FavouritesRowView.swift */,
				C0242015A2D2C4BAA8841DAD /* SearchBarView.swift */,
				B2BB7BD5BCD841A3C6C1FED6 /* SettingsView.swift */,
			);
			path = Views;
			sourceTree = "<group>";
		};
		FDB37F90A45B5B9EF37ED7BE /* Models */ = {
			isa = PBXGroup;
			children = (
				DF28765126304479BE6269C3 /* AppItem.swift */,
				397C8F9C17413166EE1E4D5E /* UserData.swift */,
			);
			path = Models;
			sourceTree = "<group>";
		};
/* End PBXGroup section */

/* Begin PBXNativeTarget section */
		A67A19DFA54602FD22D7D3DF /* Sibra */ = {
			isa = PBXNativeTarget;
			buildConfigurationList = E08F2CE6B1C42E6D0DAB4130 /* Build configuration list for PBXNativeTarget "Sibra" */;
			buildPhases = (
				EED12308687F897309CA2E06 /* Sources */,
			);
			buildRules = (
			);
			dependencies = (
			);
			name = Sibra;
			packageProductDependencies = (
			);
			productName = Sibra;
			productReference = 0A68EED467FB5C37B68C5D0A /* Sibra.app */;
			productType = "com.apple.product-type.application";
		};
/* End PBXNativeTarget section */

/* Begin PBXProject section */
		E11607E49C4F125701D4E0A5 /* Project object */ = {
			isa = PBXProject;
			attributes = {
				BuildIndependentTargetsInParallel = YES;
				LastUpgradeCheck = 1500;
				TargetAttributes = {
					A67A19DFA54602FD22D7D3DF = {
						ProvisioningStyle = Manual;
					};
				};
			};
			buildConfigurationList = 3706B3A9AD7E3C479BB2FA56 /* Build configuration list for PBXProject "Sibra" */;
			compatibilityVersion = "Xcode 14.0";
			developmentRegion = en;
			hasScannedForEncodings = 0;
			knownRegions = (
				Base,
				en,
			);
			mainGroup = 88F2722C52FEAE0E011EE7C6;
			minimizedProjectReferenceProxies = 1;
			preferredProjectObjectVersion = 77;
			projectDirPath = "";
			projectRoot = "";
			targets = (
				A67A19DFA54602FD22D7D3DF /* Sibra */,
			);
		};
/* End PBXProject section */

/* Begin PBXSourcesBuildPhase section */
		EED12308687F897309CA2E06 /* Sources */ = {
			isa = PBXSourcesBuildPhase;
			buildActionMask = 2147483647;
			files = (
				040A780D7F670D4FFC530E58 /* AppDelegate.swift in Sources */,
				41994614456D2E5B70525077 /* AppGridView.swift in Sources */,
				0687B22E4A77AC76E219526B /* AppIconCardView.swift in Sources */,
				FBFE09A04872323D384424F0 /* AppItem.swift in Sources */,
				BDA0D7F2E43B3BBF125C902F /* AppLauncherService.swift in Sources */,
				8C87E7DD06E164FD69274BA4 /* AppScannerService.swift in Sources */,
				F1BE4B78DBD0819743DA9FF7 /* AppUninstallerService.swift in Sources */,
				EF45D2AFF02C91B21F4A6613 /* AppsViewModel.swift in Sources */,
				DF1D2520D81EC5C2592F5632 /* CategorySidebarView.swift in Sources */,
				78CBEDEA6755A1B26104A65E /* ContentView.swift in Sources */,
				7FABFB76CA2FDE1B8509D3B9 /* FavouritesRowView.swift in Sources */,
				E288F8FF386ADCF46A321BBA /* HotkeyManager.swift in Sources */,
				22B5734A1085F4B7A473023B /* Logger.swift in Sources */,
				FFEFF6A91AA697AB26E0F803 /* SearchBarView.swift in Sources */,
				92E3A9E4A68A1964B3AC1F12 /* SettingsView.swift in Sources */,
				7AFE37EDFCE04938AD2E8149 /* UserData.swift in Sources */,
				52580A66E6EC28833B23AB4A /* main.swift in Sources */,
			);
			runOnlyForDeploymentPostprocessing = 0;
		};
/* End PBXSourcesBuildPhase section */

/* Begin XCBuildConfiguration section */
		29E56E49ED6D4784C7837CD2 /* Release */ = {
			isa = XCBuildConfiguration;
			buildSettings = {
				ALWAYS_SEARCH_USER_PATHS = NO;
				CLANG_ANALYZER_NONNULL = YES;
				CLANG_ANALYZER_NUMBER_OBJECT_CONVERSION = YES_AGGRESSIVE;
				CLANG_CXX_LANGUAGE_STANDARD = "gnu++14";
				CLANG_CXX_LIBRARY = "libc++";
				CLANG_ENABLE_MODULES = YES;
				CLANG_ENABLE_OBJC_ARC = YES;
				CLANG_ENABLE_OBJC_WEAK = YES;
				CLANG_WARN_BLOCK_CAPTURE_AUTORELEASING = YES;
				CLANG_WARN_BOOL_CONVERSION = YES;
				CLANG_WARN_COMMA = YES;
				CLANG_WARN_CONSTANT_CONVERSION = YES;
				CLANG_WARN_DEPRECATED_OBJC_IMPLEMENTATIONS = YES;
				CLANG_WARN_DIRECT_OBJC_ISA_USAGE = YES_ERROR;
				CLANG_WARN_DOCUMENTATION_COMMENTS = YES;
				CLANG_WARN_EMPTY_BODY = YES;
				CLANG_WARN_ENUM_CONVERSION = YES;
				CLANG_WARN_INFINITE_RECURSION = YES;
				CLANG_WARN_INT_CONVERSION = YES;
				CLANG_WARN_NON_LITERAL_NULL_CONVERSION = YES;
				CLANG_WARN_OBJC_IMPLICIT_RETAIN_SELF = YES;
				CLANG_WARN_OBJC_LITERAL_CONVERSION = YES;
				CLANG_WARN_OBJC_ROOT_CLASS = YES_ERROR;
				CLANG_WARN_QUOTED_INCLUDE_IN_FRAMEWORK_HEADER = YES;
				CLANG_WARN_RANGE_LOOP_ANALYSIS = YES;
				CLANG_WARN_STRICT_PROTOTYPES = YES;
				CLANG_WARN_SUSPICIOUS_MOVE = YES;
				CLANG_WARN_UNGUARDED_AVAILABILITY = YES_AGGRESSIVE;
				CLANG_WARN_UNREACHABLE_CODE = YES;
				CLANG_WARN__DUPLICATE_METHOD_MATCH = YES;
				CODE_SIGN_ENTITLEMENTS = Resources/Sibra.entitlements;
				CODE_SIGN_IDENTITY = "-";
				CODE_SIGN_STYLE = Manual;
				COPY_PHASE_STRIP = NO;
				DEBUG_INFORMATION_FORMAT = "dwarf-with-dsym";
				ENABLE_HARDENED_RUNTIME = YES;
				ENABLE_NS_ASSERTIONS = NO;
				ENABLE_STRICT_OBJC_MSGSEND = YES;
				GCC_C_LANGUAGE_STANDARD = gnu11;
				GCC_NO_COMMON_BLOCKS = YES;
				GCC_WARN_64_TO_32_BIT_CONVERSION = YES;
				GCC_WARN_ABOUT_RETURN_TYPE = YES_ERROR;
				GCC_WARN_UNDECLARED_SELECTOR = YES;
				GCC_WARN_UNINITIALIZED_AUTOS = YES_AGGRESSIVE;
				GCC_WARN_UNUSED_FUNCTION = YES;
				GCC_WARN_UNUSED_VARIABLE = YES;
				INFOPLIST_FILE = Resources/Info.plist;
				MACOSX_DEPLOYMENT_TARGET = 14.0;
				MTL_ENABLE_DEBUG_INFO = NO;
				MTL_FAST_MATH = YES;
				PRODUCT_BUNDLE_IDENTIFIER = com.sibra.app;
				PRODUCT_NAME = "$(TARGET_NAME)";
				SDKROOT = macosx;
				SWIFT_COMPILATION_MODE = wholemodule;
				SWIFT_OPTIMIZATION_LEVEL = "-O";
				SWIFT_VERSION = 5.9;
			};
			name = Release;
		};
		5FC0822AE4EF789344B571E0 /* Release */ = {
			isa = XCBuildConfiguration;
			buildSettings = {
				ASSETCATALOG_COMPILER_APPICON_NAME = AppIcon;
				COMBINE_HIDPI_IMAGES = YES;
				LD_RUNPATH_SEARCH_PATHS = "@executable_path/../Frameworks";
				PRODUCT_BUNDLE_IDENTIFIER = com.sibra.app;
				PRODUCT_NAME = Sibra;
				SDKROOT = macosx;
			};
			name = Release;
		};
		79A7EBC998BC93BF2487B2C2 /* Debug */ = {
			isa = XCBuildConfiguration;
			buildSettings = {
				ALWAYS_SEARCH_USER_PATHS = NO;
				CLANG_ANALYZER_NONNULL = YES;
				CLANG_ANALYZER_NUMBER_OBJECT_CONVERSION = YES_AGGRESSIVE;
				CLANG_CXX_LANGUAGE_STANDARD = "gnu++14";
				CLANG_CXX_LIBRARY = "libc++";
				CLANG_ENABLE_MODULES = YES;
				CLANG_ENABLE_OBJC_ARC = YES;
				CLANG_ENABLE_OBJC_WEAK = YES;
				CLANG_WARN_BLOCK_CAPTURE_AUTORELEASING = YES;
				CLANG_WARN_BOOL_CONVERSION = YES;
				CLANG_WARN_COMMA = YES;
				CLANG_WARN_CONSTANT_CONVERSION = YES;
				CLANG_WARN_DEPRECATED_OBJC_IMPLEMENTATIONS = YES;
				CLANG_WARN_DIRECT_OBJC_ISA_USAGE = YES_ERROR;
				CLANG_WARN_DOCUMENTATION_COMMENTS = YES;
				CLANG_WARN_EMPTY_BODY = YES;
				CLANG_WARN_ENUM_CONVERSION = YES;
				CLANG_WARN_INFINITE_RECURSION = YES;
				CLANG_WARN_INT_CONVERSION = YES;
				CLANG_WARN_NON_LITERAL_NULL_CONVERSION = YES;
				CLANG_WARN_OBJC_IMPLICIT_RETAIN_SELF = YES;
				CLANG_WARN_OBJC_LITERAL_CONVERSION = YES;
				CLANG_WARN_OBJC_ROOT_CLASS = YES_ERROR;
				CLANG_WARN_QUOTED_INCLUDE_IN_FRAMEWORK_HEADER = YES;
				CLANG_WARN_RANGE_LOOP_ANALYSIS = YES;
				CLANG_WARN_STRICT_PROTOTYPES = YES;
				CLANG_WARN_SUSPICIOUS_MOVE = YES;
				CLANG_WARN_UNGUARDED_AVAILABILITY = YES_AGGRESSIVE;
				CLANG_WARN_UNREACHABLE_CODE = YES;
				CLANG_WARN__DUPLICATE_METHOD_MATCH = YES;
				CODE_SIGN_ENTITLEMENTS = Resources/Sibra.entitlements;
				CODE_SIGN_IDENTITY = "-";
				CODE_SIGN_STYLE = Manual;
				COPY_PHASE_STRIP = NO;
				DEBUG_INFORMATION_FORMAT = dwarf;
				ENABLE_HARDENED_RUNTIME = YES;
				ENABLE_STRICT_OBJC_MSGSEND = YES;
				ENABLE_TESTABILITY = YES;
				GCC_C_LANGUAGE_STANDARD = gnu11;
				GCC_DYNAMIC_NO_PIC = NO;
				GCC_NO_COMMON_BLOCKS = YES;
				GCC_OPTIMIZATION_LEVEL = 0;
				GCC_PREPROCESSOR_DEFINITIONS = (
					"$(inherited)",
					"DEBUG=1",
				);
				GCC_WARN_64_TO_32_BIT_CONVERSION = YES;
				GCC_WARN_ABOUT_RETURN_TYPE = YES_ERROR;
				GCC_WARN_UNDECLARED_SELECTOR = YES;
				GCC_WARN_UNINITIALIZED_AUTOS = YES_AGGRESSIVE;
				GCC_WARN_UNUSED_FUNCTION = YES;
				GCC_WARN_UNUSED_VARIABLE = YES;
				INFOPLIST_FILE = Resources/Info.plist;
				MACOSX_DEPLOYMENT_TARGET = 14.0;
				MTL_ENABLE_DEBUG_INFO = INCLUDE_SOURCE;
				MTL_FAST_MATH = YES;
				ONLY_ACTIVE_ARCH = YES;
				PRODUCT_BUNDLE_IDENTIFIER = com.sibra.app;
				PRODUCT_NAME = "$(TARGET_NAME)";
				SDKROOT = macosx;
				SWIFT_ACTIVE_COMPILATION_CONDITIONS = DEBUG;
				SWIFT_OPTIMIZATION_LEVEL = "-Onone";
				SWIFT_VERSION = 5.9;
			};
			name = Debug;
		};
		C65B1A4CC8065C0FA163E688 /* Debug */ = {
			isa = XCBuildConfiguration;
			buildSettings = {
				ASSETCATALOG_COMPILER_APPICON_NAME = AppIcon;
				COMBINE_HIDPI_IMAGES = YES;
				LD_RUNPATH_SEARCH_PATHS = "@executable_path/../Frameworks";
				PRODUCT_BUNDLE_IDENTIFIER = com.sibra.app;
				PRODUCT_NAME = Sibra;
				SDKROOT = macosx;
			};
			name = Debug;
		};
/* End XCBuildConfiguration section */

/* Begin XCConfigurationList section */
		3706B3A9AD7E3C479BB2FA56 /* Build configuration list for PBXProject "Sibra" */ = {
			isa = XCConfigurationList;
			buildConfigurations = (
				79A7EBC998BC93BF2487B2C2 /* Debug */,
				29E56E49ED6D4784C7837CD2 /* Release */,
			);
			defaultConfigurationIsVisible = 0;
			defaultConfigurationName = Debug;
		};
		E08F2CE6B1C42E6D0DAB4130 /* Build configuration list for PBXNativeTarget "Sibra" */ = {
			isa = XCConfigurationList;
			buildConfigurations = (
				C65B1A4CC8065C0FA163E688 /* Debug */,
				5FC0822AE4EF789344B571E0 /* Release */,
			);
			defaultConfigurationIsVisible = 0;
			defaultConfigurationName = Debug;
		};
/* End XCConfigurationList section */
	};
	rootObject = E11607E49C4F125701D4E0A5 /* Project object */;
}
